
Microsoft Visual Studio Solution File, Format Version 12.00
# Visual Studio Version 16
VisualStudioVersion = 16.0.31019.35
MinimumVisualStudioVersion = 10.0.40219.1
Project("{FAE04EC0-301F-11D3-BF4B-00C04F79EFBC}") = "Programming_cycle", "Programming_cycle\Programming_cycle.csproj", "{A838D97D-7BCE-4EBA-AF30-79EE99E9BC52}"
EndProject
Global
	GlobalSection(SolutionConfigurationPlatforms) = preSolution
		Debug|Any CPU = Debug|Any CPU
		Release|Any CPU = Release|Any CPU
	EndGlobalSection
	GlobalSection(ProjectConfigurationPlatforms) = postSolution
		{A838D97D-7BCE-4EBA-AF30-79EE99E9BC52}.Debug|Any CPU.ActiveCfg = Debug|Any CPU
		{A838D97D-7BCE-4EBA-AF30-79EE99E9BC52}.Debug|Any CPU.Build.0 = Debug|Any CPU
		{A838D97D-7BCE-4EBA-AF30-79EE99E9BC52}.Release|Any CPU.ActiveCfg = Release|Any CPU
		{A838D97D-7BCE-4EBA-AF30-79EE99E9BC52}.Release|Any CPU.Build.0 = Release|Any CPU
	EndGlobalSection
	GlobalSection(SolutionProperties) = preSolution
		HideSolutionNode = FALSE
	EndGlobalSection
	GlobalSection(ExtensibilityGlobals) = postSolution
		SolutionGuid = {3FB29346-787D-4ECC-92EC-9A2A842D1BCC}
	EndGlobalSection
EndGlobal
